# @generated - this file is auto-generated by `mise lock` https://mise.en.dev/dev-tools/mise-lock.html

[[tools.bat]]
version = "0.26.1"
backend = "aqua:sharkdp/bat"

[tools.bat."platforms.linux-arm64"]
checksum = "sha256:6369242c584065f195fb20cb36fbd7cb63ae690605bbe89868a7596b596c2c23"
url = "https://github.com/sharkdp/bat/releases/download/v0.26.1/bat-v0.26.1-aarch64-unknown-linux-musl.tar.gz"

[tools.bat."platforms.linux-arm64-musl"]
checksum = "sha256:6369242c584065f195fb20cb36fbd7cb63ae690605bbe89868a7596b596c2c23"
url = "https://github.com/sharkdp/bat/releases/download/v0.26.1/bat-v0.26.1-aarch64-unknown-linux-musl.tar.gz"

[tools.bat."platforms.linux-x64"]
checksum = "sha256:0dcd8ac79732c0d5b136f11f4ee00e581440e16a44eab5b3105b611bbf2cf191"
url = "https://github.com/sharkdp/bat/releases/download/v0.26.1/bat-v0.26.1-x86_64-unknown-linux-musl.tar.gz"

[tools.bat."platforms.linux-x64-baseline"]
checksum = "sha256:726f04c8f576a7fd18b7634f1bbf2f915c43494c1c0f013baa3287edb0d5a2a3"
url = "https://github.com/sharkdp/bat/releases/download/v0.26.1/bat-v0.26.1-x86_64-unknown-linux-gnu.tar.gz"
url_api = "https://api.github.com/repos/sharkdp/bat/releases/assets/323549181"

[tools.bat."platforms.linux-x64-musl"]
checksum = "sha256:0dcd8ac79732c0d5b136f11f4ee00e581440e16a44eab5b3105b611bbf2cf191"
url = "https://github.com/sharkdp/bat/releases/download/v0.26.1/bat-v0.26.1-x86_64-unknown-linux-musl.tar.gz"

[tools.bat."platforms.linux-x64-musl-baseline"]
checksum = "sha256:0dcd8ac79732c0d5b136f11f4ee00e581440e16a44eab5b3105b611bbf2cf191"
url = "https://github.com/sharkdp/bat/releases/download/v0.26.1/bat-v0.26.1-x86_64-unknown-linux-musl.tar.gz"
url_api = "https://api.github.com/repos/sharkdp/bat/releases/assets/323549429"

[tools.bat."platforms.macos-arm64"]
checksum = "sha256:e30beff26779c9bf60bb541e1d79046250cb74378f2757f8eb250afddb19e114"
url = "https://github.com/sharkdp/bat/releases/download/v0.26.1/bat-v0.26.1-aarch64-apple-darwin.tar.gz"

[tools.bat."platforms.macos-x64"]
checksum = "sha256:830d63b0bba1fa040542ec569e3cf77f60d3356b9de75116a344b061e0894245"
url = "https://github.com/sharkdp/bat/releases/download/v0.26.1/bat-v0.26.1-x86_64-apple-darwin.tar.gz"

[tools.bat."platforms.macos-x64-baseline"]
checksum = "sha256:830d63b0bba1fa040542ec569e3cf77f60d3356b9de75116a344b061e0894245"
url = "https://github.com/sharkdp/bat/releases/download/v0.26.1/bat-v0.26.1-x86_64-apple-darwin.tar.gz"
url_api = "https://api.github.com/repos/sharkdp/bat/releases/assets/323549786"

[tools.bat."platforms.windows-x64"]
checksum = "sha256:0f729b4b6f5f28d395c641eacc2e9ff68d0096b85aa0eec344aa62425144b69b"
url = "https://github.com/sharkdp/bat/releases/download/v0.26.1/bat-v0.26.1-x86_64-pc-windows-msvc.zip"

[tools.bat."platforms.windows-x64-baseline"]
checksum = "sha256:0f729b4b6f5f28d395c641eacc2e9ff68d0096b85aa0eec344aa62425144b69b"
url = "https://github.com/sharkdp/bat/releases/download/v0.26.1/bat-v0.26.1-x86_64-pc-windows-msvc.zip"
url_api = "https://api.github.com/repos/sharkdp/bat/releases/assets/323549116"

[[tools.bun]]
version = "1.4.2"
backend = "core:bun"

[tools.bun."platforms.linux-arm64"]
checksum = "sha256:54328bbc2d9c8e0c9f892c544d66c57a83b84139e34909e5ee81758f1ac8fda7"
url = "https://github.com/oven-sh/bun/releases/download/bun-v1.4.2/bun-linux-aarch64.zip"

[tools.bun."platforms.linux-arm64-musl"]
checksum = "sha256:71760b6c8ea30623b81a4907cb815d48e2ea266f2e73e751534a44a0607950df"
url = "https://github.com/oven-sh/bun/releases/download/bun-v1.4.2/bun-linux-aarch64-musl.zip"

[tools.bun."platforms.linux-x64"]
checksum = "sha256:36368faef7527875d5ffa52e53cd48021741f2a83eb6208a8dd64068d422a913"
url = "https://github.com/oven-sh/bun/releases/download/bun-v1.4.2/bun-linux-x64.zip"

[tools.bun."platforms.linux-x64-baseline"]
checksum = "sha256:c678040f14fe0440eb839d37cbd0ce4c051a32da72806ac97de6a6aab6bf728f"
url = "https://github.com/oven-sh/bun/releases/download/bun-v1.4.2/bun-linux-x64-baseline.zip"

[tools.bun."platforms.linux-x64-musl"]
checksum = "sha256:4835eca59d6da70f4674f5642f6e459dcadab773695b2ed9922d131057989742"
url = "https://github.com/oven-sh/bun/releases/download/bun-v1.4.2/bun-linux-x64-musl.zip"

[tools.bun."platforms.linux-x64-musl-baseline"]
checksum = "sha256:76e1db84e98f22f78de0a87e309bfbbf297732847f9720db36750646c85c8c18"
url = "https://github.com/oven-sh/bun/releases/download/bun-v1.4.2/bun-linux-x64-musl-baseline.zip"

[tools.bun."platforms.macos-arm64"]
checksum = "sha256:90987a3a16d7db556d886ac3d551e7b6d3edf0a1cf43acaed622e8676be1d12f"
url = "https://github.com/oven-sh/bun/releases/download/bun-v1.4.2/bun-darwin-aarch64.zip"

[tools.bun."platforms.macos-x64"]
checksum = "sha256:80520d7e17526308c9185d261679ac6d27798d3803a0e9f7ff9121ab8affb012"
url = "https://github.com/oven-sh/bun/releases/download/bun-v1.4.2/bun-darwin-x64.zip"

[tools.bun."platforms.macos-x64-baseline"]
checksum = "sha256:bad5bbd6cf14d0980d115f5954c9ff904df619d5e994d2da1ffccd3f316300b0"
url = "https://github.com/oven-sh/bun/releases/download/bun-v1.4.2/bun-darwin-x64-baseline.zip"

[tools.bun."platforms.windows-x64"]
checksum = "sha256:ce4c17497b2f29712a99d3d53f028de28cd42e3bacb8589599e7f000e49b6405"
url = "https://github.com/oven-sh/bun/releases/download/bun-v1.4.2/bun-windows-x64.zip"

[tools.bun."platforms.windows-x64-baseline"]
checksum = "sha256:78c221c2376f79731ccf4e4af0b3bb46d81fefa3296c5abee09ad8a1b21e68c6"
url = "https://github.com/oven-sh/bun/releases/download/bun-v1.4.2/bun-windows-x64-baseline.zip"

[[tools.chezmoi]]
version = "2.73.0"
backend = "aqua:twpayne/chezmoi"

[tools.chezmoi."platforms.linux-arm64"]
checksum = "sha256:abcb840401d3c1f2356e0f53f5d52aa10d10f572654d9626db9ad0ca4dc03355"
url = "https://github.com/twpayne/chezmoi/releases/download/v2.73.0/chezmoi_2.73.0_linux_arm64.tar.gz"

[tools.chezmoi."platforms.linux-arm64-musl"]
checksum = "sha256:abcb840401d3c1f2356e0f53f5d52aa10d10f572654d9626db9ad0ca4dc03355"
url = "https://github.com/twpayne/chezmoi/releases/download/v2.73.0/chezmoi_2.73.0_linux_arm64.tar.gz"

[tools.chezmoi."platforms.linux-x64"]
checksum = "sha256:b597729b687af4488a848240134cb633de8ca0f04e0d26d48f400ee2ac338ffa"
url = "https://github.com/twpayne/chezmoi/releases/download/v2.73.0/chezmoi_2.73.0_linux_amd64.tar.gz"

[tools.chezmoi."platforms.linux-x64-baseline"]
checksum = "sha256:b597729b687af4488a848240134cb633de8ca0f04e0d26d48f400ee2ac338ffa"
url = "https://github.com/twpayne/chezmoi/releases/download/v2.73.0/chezmoi_2.73.0_linux_amd64.tar.gz"

[tools.chezmoi."platforms.linux-x64-musl"]
checksum = "sha256:09559524c5c724df9d452f1e78cfeca063d68c18a38b3bebb8bf48e9b13249b7"
url = "https://github.com/twpayne/chezmoi/releases/download/v2.73.0/chezmoi_2.73.0_linux-musl_amd64.tar.gz"

[tools.chezmoi."platforms.linux-x64-musl-baseline"]
checksum = "sha256:09559524c5c724df9d452f1e78cfeca063d68c18a38b3bebb8bf48e9b13249b7"
url = "https://github.com/twpayne/chezmoi/releases/download/v2.73.0/chezmoi_2.73.0_linux-musl_amd64.tar.gz"

[tools.chezmoi."platforms.macos-arm64"]
checksum = "sha256:246679a0b200e7e8be4a951be3b95d37c33ecb87eaab5af6f4949f7d0317bcc1"
url = "https://github.com/twpayne/chezmoi/releases/download/v2.73.0/chezmoi_2.73.0_darwin_arm64.tar.gz"

[tools.chezmoi."platforms.macos-x64"]
checksum = "sha256:55e7b0823b40966a239cb418b37201c5f0961bab1b797c933550c97b1ab08221"
url = "https://github.com/twpayne/chezmoi/releases/download/v2.73.0/chezmoi_2.73.0_darwin_amd64.tar.gz"

[tools.chezmoi."platforms.macos-x64-baseline"]
checksum = "sha256:55e7b0823b40966a239cb418b37201c5f0961bab1b797c933550c97b1ab08221"
url = "https://github.com/twpayne/chezmoi/releases/download/v2.73.0/chezmoi_2.73.0_darwin_amd64.tar.gz"

[tools.chezmoi."platforms.windows-x64"]
checksum = "sha256:266938399108028a5b6dc7a137026e3ead747304122e5fe381d5396e496620f6"
url = "https://github.com/twpayne/chezmoi/releases/download/v2.73.0/chezmoi_2.73.0_windows_amd64.zip"

[tools.chezmoi."platforms.windows-x64-baseline"]
checksum = "sha256:266938399108028a5b6dc7a137026e3ead747304122e5fe381d5396e496620f6"
url = "https://github.com/twpayne/chezmoi/releases/download/v2.73.0/chezmoi_2.73.0_windows_amd64.zip"

[[tools.difftastic]]
version = "0.71.0"
backend = "aqua:Wilfred/difftastic"

[tools.difftastic."platforms.linux-arm64"]
checksum = "sha256:5f046098b36ff985d0f99fec6f22cf74961db60386ff9d40df39fd99660aae2c"
url = "https://github.com/Wilfred/difftastic/releases/download/0.71.0/difft-0.71.0-aarch64-unknown-linux-gnu.tar.gz"
url_api = "https://api.github.com/repos/Wilfred/difftastic/releases/assets/573540796"

[tools.difftastic."platforms.linux-arm64-musl"]
checksum = "sha256:5f046098b36ff985d0f99fec6f22cf74961db60386ff9d40df39fd99660aae2c"
url = "https://github.com/Wilfred/difftastic/releases/download/0.71.0/difft-0.71.0-aarch64-unknown-linux-gnu.tar.gz"
url_api = "https://api.github.com/repos/Wilfred/difftastic/releases/assets/573540796"

[tools.difftastic."platforms.linux-x64"]
checksum = "sha256:61aea5394a53c56f144637cf39b3a0c0dafa27769731745e5851ff276e6478da"
url = "https://github.com/Wilfred/difftastic/releases/download/0.71.0/difft-0.71.0-x86_64-unknown-linux-gnu.tar.gz"
url_api = "https://api.github.com/repos/Wilfred/difftastic/releases/assets/573539079"

[tools.difftastic."platforms.linux-x64-baseline"]
checksum = "sha256:61aea5394a53c56f144637cf39b3a0c0dafa27769731745e5851ff276e6478da"
url = "https://github.com/Wilfred/difftastic/releases/download/0.71.0/difft-0.71.0-x86_64-unknown-linux-gnu.tar.gz"
url_api = "https://api.github.com/repos/Wilfred/difftastic/releases/assets/573539079"

[tools.difftastic."platforms.linux-x64-musl"]
checksum = "sha256:0a65e6715df992b0adae012e606bd9cc74fa6cfe90eaf13bbae165a0a19b3086"
url = "https://github.com/Wilfred/difftastic/releases/download/0.71.0/difft-0.71.0-x86_64-unknown-linux-musl.tar.gz"
url_api = "https://api.github.com/repos/Wilfred/difftastic/releases/assets/573541111"

[tools.difftastic."platforms.linux-x64-musl-baseline"]
checksum = "sha256:0a65e6715df992b0adae012e606bd9cc74fa6cfe90eaf13bbae165a0a19b3086"
url = "https://github.com/Wilfred/difftastic/releases/download/0.71.0/difft-0.71.0-x86_64-unknown-linux-musl.tar.gz"
url_api = "https://api.github.com/repos/Wilfred/difftastic/releases/assets/573541111"

[tools.difftastic."platforms.macos-arm64"]
checksum = "sha256:92acf8890543b6d6f436a87a7a5ec64f82a4b8dbe3a7e564c1e5cbfe60823bc7"
url = "https://github.com/Wilfred/difftastic/releases/download/0.71.0/difft-0.71.0-aarch64-apple-darwin.tar.gz"
url_api = "https://api.github.com/repos/Wilfred/difftastic/releases/assets/573540714"

[tools.difftastic."platforms.macos-x64"]
checksum = "sha256:390b5299b0bc5059b5617f448eb1f3cb42c689933258fc57770c24d257a5d8a8"
url = "https://github.com/Wilfred/difftastic/releases/download/0.71.0/difft-0.71.0-x86_64-apple-darwin.tar.gz"
url_api = "https://api.github.com/repos/Wilfred/difftastic/releases/assets/573540008"

[tools.difftastic."platforms.macos-x64-baseline"]
checksum = "sha256:390b5299b0bc5059b5617f448eb1f3cb42c689933258fc57770c24d257a5d8a8"
url = "https://github.com/Wilfred/difftastic/releases/download/0.71.0/difft-0.71.0-x86_64-apple-darwin.tar.gz"
url_api = "https://api.github.com/repos/Wilfred/difftastic/releases/assets/573540008"

[tools.difftastic."platforms.windows-x64"]
checksum = "sha256:9a979f9d96d739625a0fe69317f3197cc7bcef663a6d7195197d6c9bf96ed6f5"
url = "https://github.com/Wilfred/difftastic/releases/download/0.71.0/difft-0.71.0-x86_64-pc-windows-msvc.zip"
url_api = "https://api.github.com/repos/Wilfred/difftastic/releases/assets/573539441"

[tools.difftastic."platforms.windows-x64-baseline"]
checksum = "sha256:9a979f9d96d739625a0fe69317f3197cc7bcef663a6d7195197d6c9bf96ed6f5"
url = "https://github.com/Wilfred/difftastic/releases/download/0.71.0/difft-0.71.0-x86_64-pc-windows-msvc.zip"
url_api = "https://api.github.com/repos/Wilfred/difftastic/releases/assets/573539441"

[[tools.fd]]
version = "10.5.0"
backend = "aqua:sharkdp/fd"

[tools.fd."platforms.linux-arm64"]
checksum = "sha256:d76c4317f7d5dba69f8a2a15856c90c777e7f0dd4e85f0de8c76de6992c374d4"
url = "https://github.com/sharkdp/fd/releases/download/v10.5.0/fd-v10.5.0-aarch64-unknown-linux-musl.tar.gz"

[tools.fd."platforms.linux-arm64-musl"]
checksum = "sha256:d76c4317f7d5dba69f8a2a15856c90c777e7f0dd4e85f0de8c76de6992c374d4"
url = "https://github.com/sharkdp/fd/releases/download/v10.5.0/fd-v10.5.0-aarch64-unknown-linux-musl.tar.gz"

[tools.fd."platforms.linux-x64"]
checksum = "sha256:761c72dc8e120d85b22292063be8a796e2eeb20eb3e4f38b8fa2343ccf3514a7"
url = "https://github.com/sharkdp/fd/releases/download/v10.5.0/fd-v10.5.0-x86_64-unknown-linux-musl.tar.gz"

[tools.fd."platforms.linux-x64-baseline"]
checksum = "sha256:761c72dc8e120d85b22292063be8a796e2eeb20eb3e4f38b8fa2343ccf3514a7"
url = "https://github.com/sharkdp/fd/releases/download/v10.5.0/fd-v10.5.0-x86_64-unknown-linux-musl.tar.gz"

[tools.fd."platforms.linux-x64-musl"]
checksum = "sha256:761c72dc8e120d85b22292063be8a796e2eeb20eb3e4f38b8fa2343ccf3514a7"
url = "https://github.com/sharkdp/fd/releases/download/v10.5.0/fd-v10.5.0-x86_64-unknown-linux-musl.tar.gz"

[tools.fd."platforms.linux-x64-musl-baseline"]
checksum = "sha256:761c72dc8e120d85b22292063be8a796e2eeb20eb3e4f38b8fa2343ccf3514a7"
url = "https://github.com/sharkdp/fd/releases/download/v10.5.0/fd-v10.5.0-x86_64-unknown-linux-musl.tar.gz"

[tools.fd."platforms.macos-arm64"]
checksum = "sha256:b67e1836c468e42e411984b56e52fa7abec08c2bd22c867398e7cc134aac5e12"
url = "https://github.com/sharkdp/fd/releases/download/v10.5.0/fd-v10.5.0-aarch64-apple-darwin.tar.gz"

[tools.fd."platforms.macos-x64"]
checksum = "sha256:7e31028c62c6955877735d0406807aa484c2a5e6f86235a59e26c29c301da590"
url = "https://github.com/sharkdp/fd/releases/download/v10.5.0/fd-v10.5.0-x86_64-apple-darwin.tar.gz"
url_api = "https://api.github.com/repos/sharkdp/fd/releases/assets/530484719"

[tools.fd."platforms.macos-x64-baseline"]
checksum = "sha256:7e31028c62c6955877735d0406807aa484c2a5e6f86235a59e26c29c301da590"
url = "https://github.com/sharkdp/fd/releases/download/v10.5.0/fd-v10.5.0-x86_64-apple-darwin.tar.gz"
url_api = "https://api.github.com/repos/sharkdp/fd/releases/assets/530484719"

[tools.fd."platforms.windows-x64"]
checksum = "sha256:a227701b8551c35a9931d9f6da75503cf86d88e182d71fb849a70864c5d57cd7"
url = "https://github.com/sharkdp/fd/releases/download/v10.5.0/fd-v10.5.0-x86_64-pc-windows-msvc.zip"

[tools.fd."platforms.windows-x64-baseline"]
checksum = "sha256:a227701b8551c35a9931d9f6da75503cf86d88e182d71fb849a70864c5d57cd7"
url = "https://github.com/sharkdp/fd/releases/download/v10.5.0/fd-v10.5.0-x86_64-pc-windows-msvc.zip"

[[tools.fzf]]
version = "0.74.4"
backend = "aqua:junegunn/fzf"

[tools.fzf."platforms.linux-arm64"]
checksum = "sha256:5d673b849f494f0d64ec471d8640b153ca8849e3846a31da17abdcfce8df6b46"
url = "https://github.com/junegunn/fzf/releases/download/v0.74.4/fzf-0.74.4-linux_arm64.tar.gz"

[tools.fzf."platforms.linux-arm64-musl"]
checksum = "sha256:5d673b849f494f0d64ec471d8640b153ca8849e3846a31da17abdcfce8df6b46"
url = "https://github.com/junegunn/fzf/releases/download/v0.74.4/fzf-0.74.4-linux_arm64.tar.gz"

[tools.fzf."platforms.linux-x64"]
checksum = "sha256:05e6813a337cc722c3ed07e54a764b75cc5d671e2e60459db0ba696ee5fa7504"
url = "https://github.com/junegunn/fzf/releases/download/v0.74.4/fzf-0.74.4-linux_amd64.tar.gz"

[tools.fzf."platforms.linux-x64-baseline"]
checksum = "sha256:05e6813a337cc722c3ed07e54a764b75cc5d671e2e60459db0ba696ee5fa7504"
url = "https://github.com/junegunn/fzf/releases/download/v0.74.4/fzf-0.74.4-linux_amd64.tar.gz"

[tools.fzf."platforms.linux-x64-musl"]
checksum = "sha256:05e6813a337cc722c3ed07e54a764b75cc5d671e2e60459db0ba696ee5fa7504"
url = "https://github.com/junegunn/fzf/releases/download/v0.74.4/fzf-0.74.4-linux_amd64.tar.gz"

[tools.fzf."platforms.linux-x64-musl-baseline"]
checksum = "sha256:05e6813a337cc722c3ed07e54a764b75cc5d671e2e60459db0ba696ee5fa7504"
url = "https://github.com/junegunn/fzf/releases/download/v0.74.4/fzf-0.74.4-linux_amd64.tar.gz"

[tools.fzf."platforms.macos-arm64"]
checksum = "sha256:4f6a113bfc0c7959e0005c78d566a51afc4fcefc956f43735c62a9deb19e92ae"
url = "https://github.com/junegunn/fzf/releases/download/v0.74.4/fzf-0.74.4-darwin_arm64.tar.gz"

[tools.fzf."platforms.macos-x64"]
checksum = "sha256:2d392b50be66e2ab104ccd52a6072df692b1f9b9c5b449a9c098de885f32c4c5"
url = "https://github.com/junegunn/fzf/releases/download/v0.74.4/fzf-0.74.4-darwin_amd64.tar.gz"

[tools.fzf."platforms.macos-x64-baseline"]
checksum = "sha256:2d392b50be66e2ab104ccd52a6072df692b1f9b9c5b449a9c098de885f32c4c5"
url = "https://github.com/junegunn/fzf/releases/download/v0.74.4/fzf-0.74.4-darwin_amd64.tar.gz"

[tools.fzf."platforms.windows-x64"]
checksum = "sha256:5e63c0e798406fcb9c51a9fed4988398e25fdabf8c670e32c16caf7b4a7ed02d"
url = "https://github.com/junegunn/fzf/releases/download/v0.74.4/fzf-0.74.4-windows_amd64.zip"

[tools.fzf."platforms.windows-x64-baseline"]
checksum = "sha256:5e63c0e798406fcb9c51a9fed4988398e25fdabf8c670e32c16caf7b4a7ed02d"
url = "https://github.com/junegunn/fzf/releases/download/v0.74.4/fzf-0.74.4-windows_amd64.zip"

[[tools.gh]]
version = "2.102.0"
backend = "aqua:cli/cli"

[tools.gh."platforms.linux-arm64"]
checksum = "sha256:7862c86c72f43df3a2d93ddde6f473285b4e2af61b494849846827e513ef6484"
url = "https://github.com/cli/cli/releases/download/v2.102.0/gh_2.102.0_linux_arm64.tar.gz"
provenance = "github-attestations"

[tools.gh."platforms.linux-arm64-musl"]
checksum = "sha256:7862c86c72f43df3a2d93ddde6f473285b4e2af61b494849846827e513ef6484"
url = "https://github.com/cli/cli/releases/download/v2.102.0/gh_2.102.0_linux_arm64.tar.gz"
provenance = "github-attestations"

[tools.gh."platforms.linux-x64"]
checksum = "sha256:bb766f710eef8ede859c18578c72c327597cd4c8a85b06001b1f3843c6019386"
url = "https://github.com/cli/cli/releases/download/v2.102.0/gh_2.102.0_linux_amd64.tar.gz"
provenance = "github-attestations"

[tools.gh."platforms.linux-x64-baseline"]
checksum = "sha256:bb766f710eef8ede859c18578c72c327597cd4c8a85b06001b1f3843c6019386"
url = "https://github.com/cli/cli/releases/download/v2.102.0/gh_2.102.0_linux_amd64.tar.gz"
provenance = "github-attestations"

[tools.gh."platforms.linux-x64-musl"]
checksum = "sha256:bb766f710eef8ede859c18578c72c327597cd4c8a85b06001b1f3843c6019386"
url = "https://github.com/cli/cli/releases/download/v2.102.0/gh_2.102.0_linux_amd64.tar.gz"
provenance = "github-attestations"

[tools.gh."platforms.linux-x64-musl-baseline"]
checksum = "sha256:bb766f710eef8ede859c18578c72c327597cd4c8a85b06001b1f3843c6019386"
url = "https://github.com/cli/cli/releases/download/v2.102.0/gh_2.102.0_linux_amd64.tar.gz"
provenance = "github-attestations"

[tools.gh."platforms.macos-arm64"]
checksum = "sha256:da922c20d1792e5b2cbf375593d7a658acf034c12c84e007e71c76ef959c337e"
url = "https://github.com/cli/cli/releases/download/v2.102.0/gh_2.102.0_macOS_arm64.zip"
provenance = "github-attestations"

[tools.gh."platforms.macos-x64"]
checksum = "sha256:b245f24eb2bf5f75b426b4c26da3651a107f8d5b6f4fddfbfccc5679041378b3"
url = "https://github.com/cli/cli/releases/download/v2.102.0/gh_2.102.0_macOS_amd64.zip"
provenance = "github-attestations"

[tools.gh."platforms.macos-x64-baseline"]
checksum = "sha256:b245f24eb2bf5f75b426b4c26da3651a107f8d5b6f4fddfbfccc5679041378b3"
url = "https://github.com/cli/cli/releases/download/v2.102.0/gh_2.102.0_macOS_amd64.zip"
provenance = "github-attestations"

[tools.gh."platforms.windows-x64"]
checksum = "sha256:ae64e556ecc240b200f7eba60d550e4bb60d78e860e69dd88c449405b86067f4"
url = "https://github.com/cli/cli/releases/download/v2.102.0/gh_2.102.0_windows_amd64.zip"
provenance = "github-attestations"

[tools.gh."platforms.windows-x64-baseline"]
checksum = "sha256:ae64e556ecc240b200f7eba60d550e4bb60d78e860e69dd88c449405b86067f4"
url = "https://github.com/cli/cli/releases/download/v2.102.0/gh_2.102.0_windows_amd64.zip"
provenance = "github-attestations"

[[tools.lsd]]
version = "1.2.0"
backend = "aqua:lsd-rs/lsd"

[tools.lsd."platforms.linux-arm64"]
checksum = "sha256:642ecb1a763b9f790a99c83a1445c117a6813ed4edb5d498d4420423c6353eb8"
url = "https://github.com/lsd-rs/lsd/releases/download/v1.2.0/lsd-v1.2.0-aarch64-unknown-linux-musl.tar.gz"

[tools.lsd."platforms.linux-arm64-musl"]
checksum = "sha256:642ecb1a763b9f790a99c83a1445c117a6813ed4edb5d498d4420423c6353eb8"
url = "https://github.com/lsd-rs/lsd/releases/download/v1.2.0/lsd-v1.2.0-aarch64-unknown-linux-musl.tar.gz"

[tools.lsd."platforms.linux-x64"]
checksum = "sha256:77849da1210336534258551a581401ba19ae6b8d7b66a2a1feff148ad41e3814"
url = "https://github.com/lsd-rs/lsd/releases/download/v1.2.0/lsd-v1.2.0-x86_64-unknown-linux-musl.tar.gz"

[tools.lsd."platforms.linux-x64-baseline"]
checksum = "sha256:57d3b5859254adcfb8374ce98159cca97a14959997d2ae1176d2cff59556d829"
url = "https://github.com/lsd-rs/lsd/releases/download/v1.2.0/lsd-v1.2.0-x86_64-unknown-linux-gnu.tar.gz"
url_api = "https://api.github.com/repos/lsd-rs/lsd/releases/assets/303319829"

[tools.lsd."platforms.linux-x64-musl"]
checksum = "sha256:77849da1210336534258551a581401ba19ae6b8d7b66a2a1feff148ad41e3814"
url = "https://github.com/lsd-rs/lsd/releases/download/v1.2.0/lsd-v1.2.0-x86_64-unknown-linux-musl.tar.gz"

[tools.lsd."platforms.linux-x64-musl-baseline"]
checksum = "sha256:77849da1210336534258551a581401ba19ae6b8d7b66a2a1feff148ad41e3814"
url = "https://github.com/lsd-rs/lsd/releases/download/v1.2.0/lsd-v1.2.0-x86_64-unknown-linux-musl.tar.gz"
url_api = "https://api.github.com/repos/lsd-rs/lsd/releases/assets/303319745"

[tools.lsd."platforms.macos-arm64"]
checksum = "sha256:9e34a5d392ff913302098aad0543dafa1883c531eaf229b82f086c3fca675e3e"
url = "https://github.com/lsd-rs/lsd/releases/download/v1.2.0/lsd-v1.2.0-aarch64-apple-darwin.tar.gz"

[tools.lsd."platforms.macos-x64"]
checksum = "sha256:00d3c50551b270bbdf7da97816e5ba7f5fd10294cd310165f7f8b5523e738b9c"
url = "https://github.com/lsd-rs/lsd/releases/download/v1.2.0/lsd-v1.2.0-x86_64-apple-darwin.tar.gz"

[tools.lsd."platforms.macos-x64-baseline"]
checksum = "sha256:00d3c50551b270bbdf7da97816e5ba7f5fd10294cd310165f7f8b5523e738b9c"
url = "https://github.com/lsd-rs/lsd/releases/download/v1.2.0/lsd-v1.2.0-x86_64-apple-darwin.tar.gz"
url_api = "https://api.github.com/repos/lsd-rs/lsd/releases/assets/303319774"

[tools.lsd."platforms.windows-x64"]
checksum = "sha256:a65b9f457153934a7ce1f7e0fe1c4922a95bb2822222126e4fbaa6ee9c0d78e5"
url = "https://github.com/lsd-rs/lsd/releases/download/v1.2.0/lsd-v1.2.0-x86_64-pc-windows-msvc.zip"

[tools.lsd."platforms.windows-x64-baseline"]
checksum = "sha256:a65b9f457153934a7ce1f7e0fe1c4922a95bb2822222126e4fbaa6ee9c0d78e5"
url = "https://github.com/lsd-rs/lsd/releases/download/v1.2.0/lsd-v1.2.0-x86_64-pc-windows-msvc.zip"
url_api = "https://api.github.com/repos/lsd-rs/lsd/releases/assets/303320206"

[[tools.node]]
version = "24.21.0"
backend = "core:node"

[tools.node."platforms.linux-arm64"]
checksum = "sha256:724282c3b43aec998aa9527380465b45d229e021b58035f5f4f63095eabfe5d5"
url = "https://nodejs.org/dist/v24.21.0/node-v24.21.0-linux-arm64.tar.gz"

[tools.node."platforms.linux-arm64-musl"]
checksum = "sha256:3048b0811e158ca0d8672b59c839861763e144492980d8d29b369dfee45747e4"
url = "https://unofficial-builds.nodejs.org/download/release/v24.21.0/node-v24.21.0-linux-arm64-musl.tar.gz"

[tools.node."platforms.linux-x64"]
checksum = "sha256:6e1db87ef58b8819e5d5402eff1536491b18edd8eb7bee5ef7897876e88dc5ff"
url = "https://nodejs.org/dist/v24.21.0/node-v24.21.0-linux-x64.tar.gz"

[tools.node."platforms.linux-x64-baseline"]
checksum = "sha256:6e1db87ef58b8819e5d5402eff1536491b18edd8eb7bee5ef7897876e88dc5ff"
url = "https://nodejs.org/dist/v24.21.0/node-v24.21.0-linux-x64.tar.gz"

[tools.node."platforms.linux-x64-musl"]
checksum = "sha256:01a713e34da98e7b4d2a3191ee7ca3f93dd0384d1a2ef23c379b2161ee6e133a"
url = "https://unofficial-builds.nodejs.org/download/release/v24.21.0/node-v24.21.0-linux-x64-musl.tar.gz"

[tools.node."platforms.linux-x64-musl-baseline"]
checksum = "sha256:01a713e34da98e7b4d2a3191ee7ca3f93dd0384d1a2ef23c379b2161ee6e133a"
url = "https://unofficial-builds.nodejs.org/download/release/v24.21.0/node-v24.21.0-linux-x64-musl.tar.gz"

[tools.node."platforms.macos-arm64"]
checksum = "sha256:bed7eea5325e1108f32ce5228ddd6a5f0f08a499ee42aa7442aea583702f6057"
url = "https://nodejs.org/dist/v24.21.0/node-v24.21.0-darwin-arm64.tar.gz"

[tools.node."platforms.macos-x64"]
checksum = "sha256:1462cb3b3046b815cf8ea436d3da450ec1a9f11dac7e5a46b0ada5305d7e8097"
url = "https://nodejs.org/dist/v24.21.0/node-v24.21.0-darwin-x64.tar.gz"

[tools.node."platforms.macos-x64-baseline"]
checksum = "sha256:1462cb3b3046b815cf8ea436d3da450ec1a9f11dac7e5a46b0ada5305d7e8097"
url = "https://nodejs.org/dist/v24.21.0/node-v24.21.0-darwin-x64.tar.gz"

[tools.node."platforms.windows-x64"]
checksum = "sha256:158f7685b44de51f6c0df1d153526cbcd3e1bc739a8dfc607721cef75de9e541"
url = "https://nodejs.org/dist/v24.21.0/node-v24.21.0-win-x64.zip"

[tools.node."platforms.windows-x64-baseline"]
checksum = "sha256:158f7685b44de51f6c0df1d153526cbcd3e1bc739a8dfc607721cef75de9e541"
url = "https://nodejs.org/dist/v24.21.0/node-v24.21.0-win-x64.zip"

[[tools."npm:oxfmt"]]
version = "0.72.0"
backend = "npm:oxfmt"

[[tools.pnpm]]
version = "12.9.1"
backend = "aqua:pnpm/pnpm"

[tools.pnpm."platforms.linux-arm64"]
checksum = "sha256:468294b77633d29889c6e4a79cefb1277eba30cd62e7d6a754218cb85a1d730d"
url = "https://github.com/pnpm/pnpm/releases/download/v12.9.1/pnpm-linux-arm64.tar.gz"
provenance = "github-attestations"

[tools.pnpm."platforms.linux-arm64-musl"]
checksum = "sha256:11de22634b9eb543d2f6ae9ccbc728274fb9a7ee81ee1bc7e5e45bec876ebca8"
url = "https://github.com/pnpm/pnpm/releases/download/v12.9.1/pnpm-linux-arm64-musl.tar.gz"
provenance = "github-attestations"

[tools.pnpm."platforms.linux-x64"]
checksum = "sha256:b4f58449ac02d9d24023ac89e17e05e8331f8ddc12ca1f489cf231bc2bb2bce1"
url = "https://github.com/pnpm/pnpm/releases/download/v12.9.1/pnpm-linux-x64.tar.gz"
provenance = "github-attestations"

[tools.pnpm."platforms.linux-x64-baseline"]
checksum = "sha256:b4f58449ac02d9d24023ac89e17e05e8331f8ddc12ca1f489cf231bc2bb2bce1"
url = "https://github.com/pnpm/pnpm/releases/download/v12.9.1/pnpm-linux-x64.tar.gz"
provenance = "github-attestations"

[tools.pnpm."platforms.linux-x64-musl"]
checksum = "sha256:7c52e6db59c9cd3837ae1ec0b96ab3209d3c42cb0e3a77f5db8cbe86661d85a6"
url = "https://github.com/pnpm/pnpm/releases/download/v12.9.1/pnpm-linux-x64-musl.tar.gz"
provenance = "github-attestations"

[tools.pnpm."platforms.linux-x64-musl-baseline"]
checksum = "sha256:7c52e6db59c9cd3837ae1ec0b96ab3209d3c42cb0e3a77f5db8cbe86661d85a6"
url = "https://github.com/pnpm/pnpm/releases/download/v12.9.1/pnpm-linux-x64-musl.tar.gz"
provenance = "github-attestations"

[tools.pnpm."platforms.macos-arm64"]
checksum = "sha256:4dcea94654bc8f2189dfd591aea7af4adddd29243e4bfcc8d4c8b4289e7983ba"
url = "https://github.com/pnpm/pnpm/releases/download/v12.9.1/pnpm-darwin-arm64.tar.gz"
provenance = "github-attestations"

[tools.pnpm."platforms.macos-x64"]
checksum = "sha256:e8b47f538f95167c57fdeacffc9cb3af82261217f31eb764151aaf500b76f1b3"
url = "https://github.com/pnpm/pnpm/releases/download/v12.9.1/pnpm-darwin-x64.tar.gz"
url_api = "https://api.github.com/repos/pnpm/pnpm/releases/assets/608496437"
provenance = "github-attestations"

[tools.pnpm."platforms.macos-x64-baseline"]
checksum = "sha256:e8b47f538f95167c57fdeacffc9cb3af82261217f31eb764151aaf500b76f1b3"
url = "https://github.com/pnpm/pnpm/releases/download/v12.9.1/pnpm-darwin-x64.tar.gz"
url_api = "https://api.github.com/repos/pnpm/pnpm/releases/assets/608496437"
provenance = "github-attestations"

[tools.pnpm."platforms.windows-x64"]
checksum = "sha256:2b30f6bc53228187881aeae604cc6cedf092641df30d3be1cf4cd3d17bf630f5"
url = "https://github.com/pnpm/pnpm/releases/download/v12.9.1/pnpm-win32-x64.zip"
provenance = "github-attestations"

[tools.pnpm."platforms.windows-x64-baseline"]
checksum = "sha256:2b30f6bc53228187881aeae604cc6cedf092641df30d3be1cf4cd3d17bf630f5"
url = "https://github.com/pnpm/pnpm/releases/download/v12.9.1/pnpm-win32-x64.zip"
provenance = "github-attestations"

[[tools.ripgrep]]
version = "15.2.0"
backend = "aqua:BurntSushi/ripgrep"

[tools.ripgrep."platforms.linux-arm64"]
checksum = "sha256:a740b91c82eaf9914cfedd353572f2791cbe0162c84101ee0951058f4dcbc90d"
url = "https://github.com/BurntSushi/ripgrep/releases/download/15.2.0/ripgrep-15.2.0-aarch64-unknown-linux-gnu.tar.gz"

[tools.ripgrep."platforms.linux-arm64-musl"]
checksum = "sha256:800b1e7206afe799dfb5a6901f23147cfaabe0e52210538100f61e86e1740915"
url = "https://github.com/BurntSushi/ripgrep/releases/download/15.2.0/ripgrep-15.2.0-aarch64-unknown-linux-musl.tar.gz"

[tools.ripgrep."platforms.linux-x64"]
checksum = "sha256:33e15bcf1624b25cdd2a55813a47a2f95dbe126268203e76aa6a585d1e7b149c"
url = "https://github.com/BurntSushi/ripgrep/releases/download/15.2.0/ripgrep-15.2.0-x86_64-unknown-linux-musl.tar.gz"

[tools.ripgrep."platforms.linux-x64-baseline"]
checksum = "sha256:33e15bcf1624b25cdd2a55813a47a2f95dbe126268203e76aa6a585d1e7b149c"
url = "https://github.com/BurntSushi/ripgrep/releases/download/15.2.0/ripgrep-15.2.0-x86_64-unknown-linux-musl.tar.gz"

[tools.ripgrep."platforms.linux-x64-musl"]
checksum = "sha256:33e15bcf1624b25cdd2a55813a47a2f95dbe126268203e76aa6a585d1e7b149c"
url = "https://github.com/BurntSushi/ripgrep/releases/download/15.2.0/ripgrep-15.2.0-x86_64-unknown-linux-musl.tar.gz"

[tools.ripgrep."platforms.linux-x64-musl-baseline"]
checksum = "sha256:33e15bcf1624b25cdd2a55813a47a2f95dbe126268203e76aa6a585d1e7b149c"
url = "https://github.com/BurntSushi/ripgrep/releases/download/15.2.0/ripgrep-15.2.0-x86_64-unknown-linux-musl.tar.gz"

[tools.ripgrep."platforms.macos-arm64"]
checksum = "sha256:3750b2e93f37e0c692657da574d7019a101c0084da05a790c83fd335bad973e4"
url = "https://github.com/BurntSushi/ripgrep/releases/download/15.2.0/ripgrep-15.2.0-aarch64-apple-darwin.tar.gz"

[tools.ripgrep."platforms.macos-x64"]
checksum = "sha256:af7825fcc69a2afc7a7aea55fc9af90e26421d8f20fe59df32e233c0b8a231c1"
url = "https://github.com/BurntSushi/ripgrep/releases/download/15.2.0/ripgrep-15.2.0-x86_64-apple-darwin.tar.gz"

[tools.ripgrep."platforms.macos-x64-baseline"]
checksum = "sha256:af7825fcc69a2afc7a7aea55fc9af90e26421d8f20fe59df32e233c0b8a231c1"
url = "https://github.com/BurntSushi/ripgrep/releases/download/15.2.0/ripgrep-15.2.0-x86_64-apple-darwin.tar.gz"

[tools.ripgrep."platforms.windows-x64"]
checksum = "sha256:71b2fef860abe467217a538ff31de02f5258807c0129f771846f87bd029aafc5"
url = "https://github.com/BurntSushi/ripgrep/releases/download/15.2.0/ripgrep-15.2.0-x86_64-pc-windows-msvc.zip"

[tools.ripgrep."platforms.windows-x64-baseline"]
checksum = "sha256:71b2fef860abe467217a538ff31de02f5258807c0129f771846f87bd029aafc5"
url = "https://github.com/BurntSushi/ripgrep/releases/download/15.2.0/ripgrep-15.2.0-x86_64-pc-windows-msvc.zip"

[[tools.starship]]
version = "1.26.0"
backend = "aqua:starship/starship"

[tools.starship."platforms.linux-arm64"]
checksum = "sha256:dc30189378d2f2e287384e8a692d3f95ad1df64cf0e8c36aa9201516028aed6b"
url = "https://github.com/starship/starship/releases/download/v1.26.0/starship-aarch64-unknown-linux-musl.tar.gz"

[tools.starship."platforms.linux-arm64-musl"]
checksum = "sha256:dc30189378d2f2e287384e8a692d3f95ad1df64cf0e8c36aa9201516028aed6b"
url = "https://github.com/starship/starship/releases/download/v1.26.0/starship-aarch64-unknown-linux-musl.tar.gz"

[tools.starship."platforms.linux-x64"]
checksum = "sha256:b7c232b0e8249d8e55a40beb79c5c43a7d370f3f9408bd215deb0170daeaadf3"
url = "https://github.com/starship/starship/releases/download/v1.26.0/starship-x86_64-unknown-linux-musl.tar.gz"

[tools.starship."platforms.linux-x64-baseline"]
checksum = "sha256:b7c232b0e8249d8e55a40beb79c5c43a7d370f3f9408bd215deb0170daeaadf3"
url = "https://github.com/starship/starship/releases/download/v1.26.0/starship-x86_64-unknown-linux-musl.tar.gz"

[tools.starship."platforms.linux-x64-musl"]
checksum = "sha256:b7c232b0e8249d8e55a40beb79c5c43a7d370f3f9408bd215deb0170daeaadf3"
url = "https://github.com/starship/starship/releases/download/v1.26.0/starship-x86_64-unknown-linux-musl.tar.gz"

[tools.starship."platforms.linux-x64-musl-baseline"]
checksum = "sha256:b7c232b0e8249d8e55a40beb79c5c43a7d370f3f9408bd215deb0170daeaadf3"
url = "https://github.com/starship/starship/releases/download/v1.26.0/starship-x86_64-unknown-linux-musl.tar.gz"

[tools.starship."platforms.macos-arm64"]
checksum = "sha256:c40b27b11f580411e068f2fa6c1be7830a387c0bc47a94d1d37f32b054c5361d"
url = "https://github.com/starship/starship/releases/download/v1.26.0/starship-aarch64-apple-darwin.tar.gz"

[tools.starship."platforms.macos-x64"]
checksum = "sha256:5548f406a4b6f5695903bdea83f77ce47ec12c8c0e62dabd33122d8f133e4207"
url = "https://github.com/starship/starship/releases/download/v1.26.0/starship-x86_64-apple-darwin.tar.gz"

[tools.starship."platforms.macos-x64-baseline"]
checksum = "sha256:5548f406a4b6f5695903bdea83f77ce47ec12c8c0e62dabd33122d8f133e4207"
url = "https://github.com/starship/starship/releases/download/v1.26.0/starship-x86_64-apple-darwin.tar.gz"

[tools.starship."platforms.windows-x64"]
checksum = "sha256:690021e22f2bf2c57d5867dc0fababe5e55e714c26942bd909ffddb6c5df42f2"
url = "https://github.com/starship/starship/releases/download/v1.26.0/starship-x86_64-pc-windows-msvc.zip"

[tools.starship."platforms.windows-x64-baseline"]
checksum = "sha256:690021e22f2bf2c57d5867dc0fababe5e55e714c26942bd909ffddb6c5df42f2"
url = "https://github.com/starship/starship/releases/download/v1.26.0/starship-x86_64-pc-windows-msvc.zip"
